
Microsoft Visual Studio Solution File, Format Version 12.00
# Visual Studio 15
Project("{FAE04EC0-301F-11D3-BF4B-00C04F79EFBC}") = "HopHubApi", "HopHubApi\HopHubApi.csproj", "{FCADDF9D-4C00-4FED-A87F-69D8EF886D64}"
EndProject
Project("{FAE04EC0-301F-11D3-BF4B-00C04F79EFBC}") = "HopHubApi.Tests", "HopHubApi.Tests\HopHubApi.Tests.csproj", "{8AE59532-8D7B-4801-A163-3CE7FB2CC60A}"
EndProject
Global
	GlobalSection(SolutionConfigurationPlatforms) = preSolution
		Debug|Any CPU = Debug|Any CPU
		Release|Any CPU = Release|Any CPU
	EndGlobalSection
	GlobalSection(ProjectConfigurationPlatforms) = postSolution
		{FCADDF9D-4C00-4FED-A87F-69D8EF886D64}.Debug|Any CPU.ActiveCfg = Debug|Any CPU
		{FCADDF9D-4C00-4FED-A87F-69D8EF886D64}.Debug|Any CPU.Build.0 = Debug|Any CPU
		{FCADDF9D-4C00-4FED-A87F-69D8EF886D64}.Release|Any CPU.ActiveCfg = Release|Any CPU
		{FCADDF9D-4C00-4FED-A87F-69D8EF886D64}.Release|Any CPU.Build.0 = Release|Any CPU
		{8AE59532-8D7B-4801-A163-3CE7FB2CC60A}.Debug|Any CPU.ActiveCfg = Debug|Any CPU
		{8AE59532-8D7B-4801-A163-3CE7FB2CC60A}.Debug|Any CPU.Build.0 = Debug|Any CPU
		{8AE59532-8D7B-4801-A163-3CE7FB2CC60A}.Release|Any CPU.ActiveCfg = Release|Any CPU
		{8AE59532-8D7B-4801-A163-3CE7FB2CC60A}.Release|Any CPU.Build.0 = Release|Any CPU
	EndGlobalSection
EndGlobal
