
Microsoft Visual Studio Solution File, Format Version 12.00
# Visual Studio 15
VisualStudioVersion = 15.0.28307.779
MinimumVisualStudioVersion = 10.0.40219.1
Project("{9A19103F-16F7-4668-BE54-9A1E7A4F7556}") = "HopHubApi", "HopHubApi\HopHubApi.csproj", "{FCADDF9D-4C00-4FED-A87F-69D8EF886D64}"
EndProject
Project("{9A19103F-16F7-4668-BE54-9A1E7A4F7556}") = "HopHubApi.Tests", "HopHubApi.Tests\HopHubApi.Tests.csproj", "{8AE59532-8D7B-4801-A163-3CE7FB2CC60A}"
EndProject
Project("{E53339B2-1760-4266-BCC7-CA923CBCF16C}") = "docker-compose", "docker-compose.dcproj", "{CFEB577D-1FE7-43CA-A2FE-6420F0201D45}"
EndProject
Project("{2150E333-8FDC-42A3-9474-1A3956D46DE8}") = "Solution Items", "Solution Items", "{ADE85D1A-1B7D-4BB6-BD79-9E63BABFE91F}"
	ProjectSection(SolutionItems) = preProject
		.gitignore = .gitignore
		docker_cleanup.sh = docker_cleanup.sh
	EndProjectSection
EndProject
Global
	GlobalSection(SolutionConfigurationPlatforms) = preSolution
		Debug|Any CPU = Debug|Any CPU
		Release|Any CPU = Release|Any CPU
	EndGlobalSection
	GlobalSection(ProjectConfigurationPlatforms) = postSolution
		{FCADDF9D-4C00-4FED-A87F-69D8EF886D64}.Debug|Any CPU.ActiveCfg = Debug|Any CPU
		{FCADDF9D-4C00-4FED-A87F-69D8EF886D64}.Debug|Any CPU.Build.0 = Debug|Any CPU
		{FCADDF9D-4C00-4FED-A87F-69D8EF886D64}.Release|Any CPU.ActiveCfg = Release|Any CPU
		{FCADDF9D-4C00-4FED-A87F-69D8EF886D64}.Release|Any CPU.Build.0 = Release|Any CPU
		{8AE59532-8D7B-4801-A163-3CE7FB2CC60A}.Debug|Any CPU.ActiveCfg = Debug|Any CPU
		{8AE59532-8D7B-4801-A163-3CE7FB2CC60A}.Debug|Any CPU.Build.0 = Debug|Any CPU
		{8AE59532-8D7B-4801-A163-3CE7FB2CC60A}.Release|Any CPU.ActiveCfg = Release|Any CPU
		{8AE59532-8D7B-4801-A163-3CE7FB2CC60A}.Release|Any CPU.Build.0 = Release|Any CPU
		{CFEB577D-1FE7-43CA-A2FE-6420F0201D45}.Debug|Any CPU.ActiveCfg = Debug|Any CPU
		{CFEB577D-1FE7-43CA-A2FE-6420F0201D45}.Debug|Any CPU.Build.0 = Debug|Any CPU
		{CFEB577D-1FE7-43CA-A2FE-6420F0201D45}.Release|Any CPU.ActiveCfg = Release|Any CPU
		{CFEB577D-1FE7-43CA-A2FE-6420F0201D45}.Release|Any CPU.Build.0 = Release|Any CPU
	EndGlobalSection
	GlobalSection(SolutionProperties) = preSolution
		HideSolutionNode = FALSE
	EndGlobalSection
	GlobalSection(ExtensibilityGlobals) = postSolution
		SolutionGuid = {83BDFFC9-C119-4CA4-8C97-A658A27086A4}
	EndGlobalSection
EndGlobal
